
Microsoft Visual Studio Solution File, Format Version 12.00
# Visual Studio Version 17
VisualStudioVersion = 17.7.34202.233
MinimumVisualStudioVersion = 10.0.40219.1
Project("{9A19103F-16F7-4668-BE54-9A1E7A4F7556}") = "KitapYazar.Entity", "KitapYazar.Entity\KitapYazar.Entity.csproj", "{B650E5E7-20C1-461B-8E96-61E169757B81}"
EndProject
Project("{9A19103F-16F7-4668-BE54-9A1E7A4F7556}") = "KitapYazar.DAL", "KitapYazar.DAL\KitapYazar.DAL.csproj", "{3F5C531D-C4CC-4750-8124-A70FDAE01BC3}"
EndProject
Project("{9A19103F-16F7-4668-BE54-9A1E7A4F7556}") = "KitapYazar.API", "KitapYazar.API\KitapYazar.API.csproj", "{AA1BD9EF-C22F-421B-AF1B-3801F0FCB2C2}"
EndProject
Project("{9A19103F-16F7-4668-BE54-9A1E7A4F7556}") = "KitapYazar.SERVICE", "KitapYazar.SERVICE\KitapYazar.SERVICE.csproj", "{297E9819-41DC-485C-9359-CDCFAB3C3C36}"
EndProject
Project("{FAE04EC0-301F-11D3-BF4B-00C04F79EFBC}") = "KitapYazar.Veri", "KitapYazar.Veri\KitapYazar.Veri.csproj", "{8816238B-7328-4598-BEDC-2D585E241C39}"
EndProject
Global
	GlobalSection(SolutionConfigurationPlatforms) = preSolution
		Debug|Any CPU = Debug|Any CPU
		Release|Any CPU = Release|Any CPU
	EndGlobalSection
	GlobalSection(ProjectConfigurationPlatforms) = postSolution
		{B650E5E7-20C1-461B-8E96-61E169757B81}.Debug|Any CPU.ActiveCfg = Debug|Any CPU
		{B650E5E7-20C1-461B-8E96-61E169757B81}.Debug|Any CPU.Build.0 = Debug|Any CPU
		{B650E5E7-20C1-461B-8E96-61E169757B81}.Release|Any CPU.ActiveCfg = Release|Any CPU
		{B650E5E7-20C1-461B-8E96-61E169757B81}.Release|Any CPU.Build.0 = Release|Any CPU
		{3F5C531D-C4CC-4750-8124-A70FDAE01BC3}.Debug|Any CPU.ActiveCfg = Debug|Any CPU
		{3F5C531D-C4CC-4750-8124-A70FDAE01BC3}.Debug|Any CPU.Build.0 = Debug|Any CPU
		{3F5C531D-C4CC-4750-8124-A70FDAE01BC3}.Release|Any CPU.ActiveCfg = Release|Any CPU
		{3F5C531D-C4CC-4750-8124-A70FDAE01BC3}.Release|Any CPU.Build.0 = Release|Any CPU
		{AA1BD9EF-C22F-421B-AF1B-3801F0FCB2C2}.Debug|Any CPU.ActiveCfg = Debug|Any CPU
		{AA1BD9EF-C22F-421B-AF1B-3801F0FCB2C2}.Debug|Any CPU.Build.0 = Debug|Any CPU
		{AA1BD9EF-C22F-421B-AF1B-3801F0FCB2C2}.Release|Any CPU.ActiveCfg = Release|Any CPU
		{AA1BD9EF-C22F-421B-AF1B-3801F0FCB2C2}.Release|Any CPU.Build.0 = Release|Any CPU
		{297E9819-41DC-485C-9359-CDCFAB3C3C36}.Debug|Any CPU.ActiveCfg = Debug|Any CPU
		{297E9819-41DC-485C-9359-CDCFAB3C3C36}.Debug|Any CPU.Build.0 = Debug|Any CPU
		{297E9819-41DC-485C-9359-CDCFAB3C3C36}.Release|Any CPU.ActiveCfg = Release|Any CPU
		{297E9819-41DC-485C-9359-CDCFAB3C3C36}.Release|Any CPU.Build.0 = Release|Any CPU
		{8816238B-7328-4598-BEDC-2D585E241C39}.Debug|Any CPU.ActiveCfg = Debug|Any CPU
		{8816238B-7328-4598-BEDC-2D585E241C39}.Debug|Any CPU.Build.0 = Debug|Any CPU
		{8816238B-7328-4598-BEDC-2D585E241C39}.Release|Any CPU.ActiveCfg = Release|Any CPU
		{8816238B-7328-4598-BEDC-2D585E241C39}.Release|Any CPU.Build.0 = Release|Any CPU
	EndGlobalSection
	GlobalSection(SolutionProperties) = preSolution
		HideSolutionNode = FALSE
	EndGlobalSection
	GlobalSection(ExtensibilityGlobals) = postSolution
		SolutionGuid = {8FD5CCD0-EF88-4E66-B8D2-56238CF40136}
	EndGlobalSection
EndGlobal
